
Microsoft Visual Studio Solution File, Format Version 12.00
# Visual Studio Version 16
VisualStudioVersion = 16.0.30804.86
MinimumVisualStudioVersion = 10.0.40219.1
Project("{9A19103F-16F7-4668-BE54-9A1E7A4F7556}") = "Skinet-API", "Skinet-API\Skinet-API.csproj", "{A8E057A9-1A36-4789-8429-547113635F3E}"
EndProject
Project("{9A19103F-16F7-4668-BE54-9A1E7A4F7556}") = "Skinet-DomainModels", "Skinet-DomainModels\Skinet-DomainModels.csproj", "{9FA96A5E-5CE3-4B92-BDAE-C16C9E9B2203}"
EndProject
Project("{9A19103F-16F7-4668-BE54-9A1E7A4F7556}") = "Skinet-Repository", "Skinet-Repository\Skinet-Repository.csproj", "{E3BD3FAD-2069-4B18-9254-D5234EA8D33F}"
EndProject
Project("{9A19103F-16F7-4668-BE54-9A1E7A4F7556}") = "Skinet-DataTransferObject", "Skinet-DTO\Skinet-DataTransferObject.csproj", "{4AED2EA0-387F-4DD6-BA9D-FB7600F982B7}"
EndProject
Global
	GlobalSection(SolutionConfigurationPlatforms) = preSolution
		Debug|Any CPU = Debug|Any CPU
		Release|Any CPU = Release|Any CPU
	EndGlobalSection
	GlobalSection(ProjectConfigurationPlatforms) = postSolution
		{A8E057A9-1A36-4789-8429-547113635F3E}.Debug|Any CPU.ActiveCfg = Debug|Any CPU
		{A8E057A9-1A36-4789-8429-547113635F3E}.Debug|Any CPU.Build.0 = Debug|Any CPU
		{A8E057A9-1A36-4789-8429-547113635F3E}.Release|Any CPU.ActiveCfg = Release|Any CPU
		{A8E057A9-1A36-4789-8429-547113635F3E}.Release|Any CPU.Build.0 = Release|Any CPU
		{9FA96A5E-5CE3-4B92-BDAE-C16C9E9B2203}.Debug|Any CPU.ActiveCfg = Debug|Any CPU
		{9FA96A5E-5CE3-4B92-BDAE-C16C9E9B2203}.Debug|Any CPU.Build.0 = Debug|Any CPU
		{9FA96A5E-5CE3-4B92-BDAE-C16C9E9B2203}.Release|Any CPU.ActiveCfg = Release|Any CPU
		{9FA96A5E-5CE3-4B92-BDAE-C16C9E9B2203}.Release|Any CPU.Build.0 = Release|Any CPU
		{E3BD3FAD-2069-4B18-9254-D5234EA8D33F}.Debug|Any CPU.ActiveCfg = Debug|Any CPU
		{E3BD3FAD-2069-4B18-9254-D5234EA8D33F}.Debug|Any CPU.Build.0 = Debug|Any CPU
		{E3BD3FAD-2069-4B18-9254-D5234EA8D33F}.Release|Any CPU.ActiveCfg = Release|Any CPU
		{E3BD3FAD-2069-4B18-9254-D5234EA8D33F}.Release|Any CPU.Build.0 = Release|Any CPU
		{4AED2EA0-387F-4DD6-BA9D-FB7600F982B7}.Debug|Any CPU.ActiveCfg = Debug|Any CPU
		{4AED2EA0-387F-4DD6-BA9D-FB7600F982B7}.Debug|Any CPU.Build.0 = Debug|Any CPU
		{4AED2EA0-387F-4DD6-BA9D-FB7600F982B7}.Release|Any CPU.ActiveCfg = Release|Any CPU
		{4AED2EA0-387F-4DD6-BA9D-FB7600F982B7}.Release|Any CPU.Build.0 = Release|Any CPU
	EndGlobalSection
	GlobalSection(SolutionProperties) = preSolution
		HideSolutionNode = FALSE
	EndGlobalSection
	GlobalSection(ExtensibilityGlobals) = postSolution
		SolutionGuid = {F50AA34D-80AD-4265-9D30-1DCA7BA9701D}
	EndGlobalSection
EndGlobal
